
Microsoft Visual Studio Solution File, Format Version 12.00
# Visual Studio Version 16
VisualStudioVersion = 16.0.31019.35
MinimumVisualStudioVersion = 10.0.40219.1
Project("{9A19103F-16F7-4668-BE54-9A1E7A4F7556}") = "StorePay.Domain", "StorePay.Domain\StorePay.Domain.csproj", "{24B8F1B5-C27E-4ABD-B44A-9146FEAFA452}"
EndProject
Project("{9A19103F-16F7-4668-BE54-9A1E7A4F7556}") = "StorePay.Infra", "StorePay.Infra\StorePay.Infra.csproj", "{67DA6416-28B8-4B81-B396-615D059971BD}"
EndProject
Project("{9A19103F-16F7-4668-BE54-9A1E7A4F7556}") = "StorePay.Services", "StorePay.Services\StorePay.Services.csproj", "{3493BB42-EDDD-41FB-9895-93865F25B738}"
EndProject
Project("{9A19103F-16F7-4668-BE54-9A1E7A4F7556}") = "StorePay.Api", "StorePay.Api\StorePay.Api.csproj", "{803929B8-CBDD-43D3-9E50-35E57CD5846F}"
EndProject
Global
	GlobalSection(SolutionConfigurationPlatforms) = preSolution
		Debug|Any CPU = Debug|Any CPU
		Release|Any CPU = Release|Any CPU
	EndGlobalSection
	GlobalSection(ProjectConfigurationPlatforms) = postSolution
		{24B8F1B5-C27E-4ABD-B44A-9146FEAFA452}.Debug|Any CPU.ActiveCfg = Debug|Any CPU
		{24B8F1B5-C27E-4ABD-B44A-9146FEAFA452}.Debug|Any CPU.Build.0 = Debug|Any CPU
		{24B8F1B5-C27E-4ABD-B44A-9146FEAFA452}.Release|Any CPU.ActiveCfg = Release|Any CPU
		{24B8F1B5-C27E-4ABD-B44A-9146FEAFA452}.Release|Any CPU.Build.0 = Release|Any CPU
		{67DA6416-28B8-4B81-B396-615D059971BD}.Debug|Any CPU.ActiveCfg = Debug|Any CPU
		{67DA6416-28B8-4B81-B396-615D059971BD}.Debug|Any CPU.Build.0 = Debug|Any CPU
		{67DA6416-28B8-4B81-B396-615D059971BD}.Release|Any CPU.ActiveCfg = Release|Any CPU
		{67DA6416-28B8-4B81-B396-615D059971BD}.Release|Any CPU.Build.0 = Release|Any CPU
		{3493BB42-EDDD-41FB-9895-93865F25B738}.Debug|Any CPU.ActiveCfg = Debug|Any CPU
		{3493BB42-EDDD-41FB-9895-93865F25B738}.Debug|Any CPU.Build.0 = Debug|Any CPU
		{3493BB42-EDDD-41FB-9895-93865F25B738}.Release|Any CPU.ActiveCfg = Release|Any CPU
		{3493BB42-EDDD-41FB-9895-93865F25B738}.Release|Any CPU.Build.0 = Release|Any CPU
		{803929B8-CBDD-43D3-9E50-35E57CD5846F}.Debug|Any CPU.ActiveCfg = Debug|Any CPU
		{803929B8-CBDD-43D3-9E50-35E57CD5846F}.Debug|Any CPU.Build.0 = Debug|Any CPU
		{803929B8-CBDD-43D3-9E50-35E57CD5846F}.Release|Any CPU.ActiveCfg = Release|Any CPU
		{803929B8-CBDD-43D3-9E50-35E57CD5846F}.Release|Any CPU.Build.0 = Release|Any CPU
	EndGlobalSection
	GlobalSection(SolutionProperties) = preSolution
		HideSolutionNode = FALSE
	EndGlobalSection
	GlobalSection(ExtensibilityGlobals) = postSolution
		SolutionGuid = {14C634FE-DA8A-4FFC-9015-2BEFA4086E04}
	EndGlobalSection
EndGlobal
